// !$*UTF8*$!
{
	archiveVersion = 1;
	classes = {
	};
	objectVersion = 46;
	objects = {

/* Begin PBXAggregateTarget section */
		BC148BD0187599AE00B8A62A /* Documentation */ = {
			isa = PBXAggregateTarget;
			buildConfigurationList = BC148BD1187599AE00B8A62A /* Build configuration list for PBXAggregateTarget "Documentation" */;
			buildPhases = (
				BC148BD418759A3600B8A62A /* ShellScript */,
			);
			dependencies = (
			);
			name = Documentation;
			productName = Documentation;
		};
/* End PBXAggregateTarget section */

/* Begin PBXBuildFile section */
		BC148B971875877800B8A62A /* Foundation.framework in Frameworks */ = {isa = PBXBuildFile; fileRef = BC148B961875877800B8A62A /* Foundation.framework */; };
		BC148B991875877800B8A62A /* CoreGraphics.framework in Frameworks */ = {isa = PBXBuildFile; fileRef = BC148B981875877800B8A62A /* CoreGraphics.framework */; };
		BC148B9B1875877800B8A62A /* UIKit.framework in Frameworks */ = {isa = PBXBuildFile; fileRef = BC148B9A1875877800B8A62A /* UIKit.framework */; };
		BC148BA11875877800B8A62A /* InfoPlist.strings in Resources */ = {isa = PBXBuildFile; fileRef = BC148B9F1875877800B8A62A /* InfoPlist.strings */; };
		BC148BA31875877800B8A62A /* main.m in Sources */ = {isa = PBXBuildFile; fileRef = BC148BA21875877800B8A62A /* main.m */; };
		BC148BA71875877800B8A62A /* AppDelegate.m in Sources */ = {isa = PBXBuildFile; fileRef = BC148BA61875877800B8A62A /* AppDelegate.m */; };
		BC148BAA1875877800B8A62A /* Main.storyboard in Resources */ = {isa = PBXBuildFile; fileRef = BC148BA81875877800B8A62A /* Main.storyboard */; };
		BC148BAD1875877800B8A62A /* ViewController.m in Sources */ = {isa = PBXBuildFile; fileRef = BC148BAC1875877800B8A62A /* ViewController.m */; };
		BC148BAF1875877800B8A62A /* Images.xcassets in Resources */ = {isa = PBXBuildFile; fileRef = BC148BAE1875877800B8A62A /* Images.xcassets */; };
		BC148BB61875877800B8A62A /* XCTest.framework in Frameworks */ = {isa = PBXBuildFile; fileRef = BC148BB51875877800B8A62A /* XCTest.framework */; };
		BC148BB71875877800B8A62A /* Foundation.framework in Frameworks */ = {isa = PBXBuildFile; fileRef = BC148B961875877800B8A62A /* Foundation.framework */; };
		BC148BB81875877800B8A62A /* UIKit.framework in Frameworks */ = {isa = PBXBuildFile; fileRef = BC148B9A1875877800B8A62A /* UIKit.framework */; };
		BC148BC01875877800B8A62A /* InfoPlist.strings in Resources */ = {isa = PBXBuildFile; fileRef = BC148BBE1875877800B8A62A /* InfoPlist.strings */; };
		BC148BC21875877800B8A62A /* DiffBotDemoTests.m in Sources */ = {isa = PBXBuildFile; fileRef = BC148BC11875877800B8A62A /* DiffBotDemoTests.m */; };
		BC148BCE18758CEE00B8A62A /* DiffbotService.m in Sources */ = {isa = PBXBuildFile; fileRef = BC148BCD18758CEE00B8A62A /* DiffbotService.m */; };
/* End PBXBuildFile section */

/* Begin PBXContainerItemProxy section */
		BC148BB91875877800B8A62A /* PBXContainerItemProxy */ = {
			isa = PBXContainerItemProxy;
			containerPortal = BC148B8B1875877700B8A62A /* Project object */;
			proxyType = 1;
			remoteGlobalIDString = BC148B921875877800B8A62A;
			remoteInfo = DiffBotDemo;
		};
/* End PBXContainerItemProxy section */

/* Begin PBXFileReference section */
		BC148B931875877800B8A62A /* DiffBotDemo.app */ = {isa = PBXFileReference; explicitFileType = wrapper.application; includeInIndex = 0; path = DiffBotDemo.app; sourceTree = BUILT_PRODUCTS_DIR; };
		BC148B961875877800B8A62A /* Foundation.framework */ = {isa = PBXFileReference; lastKnownFileType = wrapper.framework; name = Foundation.framework; path = System/Library/Frameworks/Foundation.framework; sourceTree = SDKROOT; };
		BC148B981875877800B8A62A /* CoreGraphics.framework */ = {isa = PBXFileReference; lastKnownFileType = wrapper.framework; name = CoreGraphics.framework; path = System/Library/Frameworks/CoreGraphics.framework; sourceTree = SDKROOT; };
		BC148B9A1875877800B8A62A /* UIKit.framework */ = {isa = PBXFileReference; lastKnownFileType = wrapper.framework; name = UIKit.framework; path = System/Library/Frameworks/UIKit.framework; sourceTree = SDKROOT; };
		BC148B9E1875877800B8A62A /* DiffBotDemo-Info.plist */ = {isa = PBXFileReference; lastKnownFileType = text.plist.xml; path = "DiffBotDemo-Info.plist"; sourceTree = "<group>"; };
		BC148BA01875877800B8A62A /* en */ = {isa = PBXFileReference; lastKnownFileType = text.plist.strings; name = en; path = en.lproj/InfoPlist.strings; sourceTree = "<group>"; };
		BC148BA21875877800B8A62A /* main.m */ = {isa = PBXFileReference; lastKnownFileType = sourcecode.c.objc; path = main.m; sourceTree = "<group>"; };
		BC148BA41875877800B8A62A /* DiffBotDemo-Prefix.pch */ = {isa = PBXFileReference; lastKnownFileType = sourcecode.c.h; path = "DiffBotDemo-Prefix.pch"; sourceTree = "<group>"; };
		BC148BA51875877800B8A62A /* AppDelegate.h */ = {isa = PBXFileReference; lastKnownFileType = sourcecode.c.h; path = AppDelegate.h; sourceTree = "<group>"; };
		BC148BA61875877800B8A62A /* AppDelegate.m */ = {isa = PBXFileReference; lastKnownFileType = sourcecode.c.objc; path = AppDelegate.m; sourceTree = "<group>"; };
		BC148BA91875877800B8A62A /* Base */ = {isa = PBXFileReference; lastKnownFileType = file.storyboard; name = Base; path = Base.lproj/Main.storyboard; sourceTree = "<group>"; };
		BC148BAB1875877800B8A62A /* ViewController.h */ = {isa = PBXFileReference; lastKnownFileType = sourcecode.c.h; path = ViewController.h; sourceTree = "<group>"; };
		BC148BAC1875877800B8A62A /* ViewController.m */ = {isa = PBXFileReference; lastKnownFileType = sourcecode.c.objc; path = ViewController.m; sourceTree = "<group>"; };
		BC148BAE1875877800B8A62A /* Images.xcassets */ = {isa = PBXFileReference; lastKnownFileType = folder.assetcatalog; path = Images.xcassets; sourceTree = "<group>"; };
		BC148BB41875877800B8A62A /* DiffBotDemoTests.xctest */ = {isa = PBXFileReference; explicitFileType = wrapper.cfbundle; includeInIndex = 0; path = DiffBotDemoTests.xctest; sourceTree = BUILT_PRODUCTS_DIR; };
		BC148BB51875877800B8A62A /* XCTest.framework */ = {isa = PBXFileReference; lastKnownFileType = wrapper.framework; name = XCTest.framework; path = Library/Frameworks/XCTest.framework; sourceTree = DEVELOPER_DIR; };
		BC148BBD1875877800B8A62A /* DiffBotDemoTests-Info.plist */ = {isa = PBXFileReference; lastKnownFileType = text.plist.xml; path = "DiffBotDemoTests-Info.plist"; sourceTree = "<group>"; };
		BC148BBF1875877800B8A62A /* en */ = {isa = PBXFileReference; lastKnownFileType = text.plist.strings; name = en; path = en.lproj/InfoPlist.strings; sourceTree = "<group>"; };
		BC148BC11875877800B8A62A /* DiffBotDemoTests.m */ = {isa = PBXFileReference; lastKnownFileType = sourcecode.c.objc; path = DiffBotDemoTests.m; sourceTree = "<group>"; };
		BC148BCC18758CEE00B8A62A /* DiffbotService.h */ = {isa = PBXFileReference; fileEncoding = 4; lastKnownFileType = sourcecode.c.h; path = DiffbotService.h; sourceTree = "<group>"; };
		BC148BCD18758CEE00B8A62A /* DiffbotService.m */ = {isa = PBXFileReference; fileEncoding = 4; lastKnownFileType = sourcecode.c.objc; path = DiffbotService.m; sourceTree = "<group>"; };
/* End PBXFileReference section */

/* Begin PBXFrameworksBuildPhase section */
		BC148B901875877800B8A62A /* Frameworks */ = {
			isa = PBXFrameworksBuildPhase;
			buildActionMask = 2147483647;
			files = (
				BC148B991875877800B8A62A /* CoreGraphics.framework in Frameworks */,
				BC148B9B1875877800B8A62A /* UIKit.framework in Frameworks */,
				BC148B971875877800B8A62A /* Foundation.framework in Frameworks */,
			);
			runOnlyForDeploymentPostprocessing = 0;
		};
		BC148BB11875877800B8A62A /* Frameworks */ = {
			isa = PBXFrameworksBuildPhase;
			buildActionMask = 2147483647;
			files = (
				BC148BB61875877800B8A62A /* XCTest.framework in Frameworks */,
				BC148BB81875877800B8A62A /* UIKit.framework in Frameworks */,
				BC148BB71875877800B8A62A /* Foundation.framework in Frameworks */,
			);
			runOnlyForDeploymentPostprocessing = 0;
		};
/* End PBXFrameworksBuildPhase section */

/* Begin PBXGroup section */
		BC148B8A1875877700B8A62A = {
			isa = PBXGroup;
			children = (
				BC148BCB18758C9200B8A62A /* DiffBotService */,
				BC148B9C1875877800B8A62A /* DiffBotDemo */,
				BC148BBB1875877800B8A62A /* DiffBotDemoTests */,
				BC148B951875877800B8A62A /* Frameworks */,
				BC148B941875877800B8A62A /* Products */,
			);
			sourceTree = "<group>";
		};
		BC148B941875877800B8A62A /* Products */ = {
			isa = PBXGroup;
			children = (
				BC148B931875877800B8A62A /* DiffBotDemo.app */,
				BC148BB41875877800B8A62A /* DiffBotDemoTests.xctest */,
			);
			name = Products;
			sourceTree = "<group>";
		};
		BC148B951875877800B8A62A /* Frameworks */ = {
			isa = PBXGroup;
			children = (
				BC148B961875877800B8A62A /* Foundation.framework */,
				BC148B981875877800B8A62A /* CoreGraphics.framework */,
				BC148B9A1875877800B8A62A /* UIKit.framework */,
				BC148BB51875877800B8A62A /* XCTest.framework */,
			);
			name = Frameworks;
			sourceTree = "<group>";
		};
		BC148B9C1875877800B8A62A /* DiffBotDemo */ = {
			isa = PBXGroup;
			children = (
				BC148BA51875877800B8A62A /* AppDelegate.h */,
				BC148BA61875877800B8A62A /* AppDelegate.m */,
				BC148BA81875877800B8A62A /* Main.storyboard */,
				BC148BAB1875877800B8A62A /* ViewController.h */,
				BC148BAC1875877800B8A62A /* ViewController.m */,
				BC148BAE1875877800B8A62A /* Images.xcassets */,
				BC148B9D1875877800B8A62A /* Supporting Files */,
			);
			path = DiffBotDemo;
			sourceTree = "<group>";
		};
		BC148B9D1875877800B8A62A /* Supporting Files */ = {
			isa = PBXGroup;
			children = (
				BC148B9E1875877800B8A62A /* DiffBotDemo-Info.plist */,
				BC148B9F1875877800B8A62A /* InfoPlist.strings */,
				BC148BA21875877800B8A62A /* main.m */,
				BC148BA41875877800B8A62A /* DiffBotDemo-Prefix.pch */,
			);
			name = "Supporting Files";
			sourceTree = "<group>";
		};
		BC148BBB1875877800B8A62A /* DiffBotDemoTests */ = {
			isa = PBXGroup;
			children = (
				BC148BC11875877800B8A62A /* DiffBotDemoTests.m */,
				BC148BBC1875877800B8A62A /* Supporting Files */,
			);
			path = DiffBotDemoTests;
			sourceTree = "<group>";
		};
		BC148BBC1875877800B8A62A /* Supporting Files */ = {
			isa = PBXGroup;
			children = (
				BC148BBD1875877800B8A62A /* DiffBotDemoTests-Info.plist */,
				BC148BBE1875877800B8A62A /* InfoPlist.strings */,
			);
			name = "Supporting Files";
			sourceTree = "<group>";
		};
		BC148BCB18758C9200B8A62A /* DiffBotService */ = {
			isa = PBXGroup;
			children = (
				BC148BCC18758CEE00B8A62A /* DiffbotService.h */,
				BC148BCD18758CEE00B8A62A /* DiffbotService.m */,
			);
			name = DiffBotService;
			sourceTree = "<group>";
		};
/* End PBXGroup section */

/* Begin PBXNativeTarget section */
		BC148B921875877800B8A62A /* DiffBotDemo */ = {
			isa = PBXNativeTarget;
			buildConfigurationList = BC148BC51875877800B8A62A /* Build configuration list for PBXNativeTarget "DiffBotDemo" */;
			buildPhases = (
				BC148B8F1875877800B8A62A /* Sources */,
				BC148B901875877800B8A62A /* Frameworks */,
				BC148B911875877800B8A62A /* Resources */,
			);
			buildRules = (
			);
			dependencies = (
			);
			name = DiffBotDemo;
			productName = DiffBotDemo;
			productReference = BC148B931875877800B8A62A /* DiffBotDemo.app */;
			productType = "com.apple.product-type.application";
		};
		BC148BB31875877800B8A62A /* DiffBotDemoTests */ = {
			isa = PBXNativeTarget;
			buildConfigurationList = BC148BC81875877800B8A62A /* Build configuration list for PBXNativeTarget "DiffBotDemoTests" */;
			buildPhases = (
				BC148BB01875877800B8A62A /* Sources */,
				BC148BB11875877800B8A62A /* Frameworks */,
				BC148BB21875877800B8A62A /* Resources */,
			);
			buildRules = (
			);
			dependencies = (
				BC148BBA1875877800B8A62A /* PBXTargetDependency */,
			);
			name = DiffBotDemoTests;
			productName = DiffBotDemoTests;
			productReference = BC148BB41875877800B8A62A /* DiffBotDemoTests.xctest */;
			productType = "com.apple.product-type.bundle.unit-test";
		};
/* End PBXNativeTarget section */

/* Begin PBXProject section */
		BC148B8B1875877700B8A62A /* Project object */ = {
			isa = PBXProject;
			attributes = {
				LastUpgradeCheck = 0500;
				ORGANIZATIONNAME = "Design and Test Lab";
				TargetAttributes = {
					BC148BB31875877800B8A62A = {
						TestTargetID = BC148B921875877800B8A62A;
					};
				};
			};
			buildConfigurationList = BC148B8E1875877700B8A62A /* Build configuration list for PBXProject "DiffBotDemo" */;
			compatibilityVersion = "Xcode 3.2";
			developmentRegion = English;
			hasScannedForEncodings = 0;
			knownRegions = (
				en,
				Base,
			);
			mainGroup = BC148B8A1875877700B8A62A;
			productRefGroup = BC148B941875877800B8A62A /* Products */;
			projectDirPath = "";
			projectRoot = "";
			targets = (
				BC148B921875877800B8A62A /* DiffBotDemo */,
				BC148BB31875877800B8A62A /* DiffBotDemoTests */,
				BC148BD0187599AE00B8A62A /* Documentation */,
			);
		};
/* End PBXProject section */

/* Begin PBXResourcesBuildPhase section */
		BC148B911875877800B8A62A /* Resources */ = {
			isa = PBXResourcesBuildPhase;
			buildActionMask = 2147483647;
			files = (
				BC148BAF1875877800B8A62A /* Images.xcassets in Resources */,
				BC148BA11875877800B8A62A /* InfoPlist.strings in Resources */,
				BC148BAA1875877800B8A62A /* Main.storyboard in Resources */,
			);
			runOnlyForDeploymentPostprocessing = 0;
		};
		BC148BB21875877800B8A62A /* Resources */ = {
			isa = PBXResourcesBuildPhase;
			buildActionMask = 2147483647;
			files = (
				BC148BC01875877800B8A62A /* InfoPlist.strings in Resources */,
			);
			runOnlyForDeploymentPostprocessing = 0;
		};
/* End PBXResourcesBuildPhase section */

/* Begin PBXShellScriptBuildPhase section */
		BC148BD418759A3600B8A62A /* ShellScript */ = {
			isa = PBXShellScriptBuildPhase;
			buildActionMask = 2147483647;
			files = (
			);
			inputPaths = (
			);
			outputPaths = (
			);
			runOnlyForDeploymentPostprocessing = 0;
			shellPath = /bin/sh;
			shellScript = "/usr/local/bin/appledoc \\\n--project-name \"${PROJECT_NAME}\" \\\n--project-company \"Feedbot\" \\\n--company-id \"com.simplicate\" \\\n--output \"~/Projects/Help/${PROJECT_NAME}\" \\\n--install-docset \\\n--logformat xcode \\\n--keep-undocumented-objects \\\n--keep-undocumented-members \\\n--keep-intermediate-files \\\n--no-repeat-first-par \\\n--no-warn-invalid-crossref \\\n--merge-categories \\\n--exit-threshold 2 \\\n--docset-platform-family iphoneos \\\n--ignore \"*.m\" \\\n--include \"${PROJECT_DIR}/${PROJECT_NAME}/Documentation/Images\" \\\n--ignore \"LoadableCategory.h\" \\\n--index-desc \"${PROJECT_DIR}/readme.markdown\" \\\n\"${PROJECT_DIR}/DiffbotService.h\"";
		};
/* End PBXShellScriptBuildPhase section */

/* Begin PBXSourcesBuildPhase section */
		BC148B8F1875877800B8A62A /* Sources */ = {
			isa = PBXSourcesBuildPhase;
			buildActionMask = 2147483647;
			files = (
				BC148BAD1875877800B8A62A /* ViewController.m in Sources */,
				BC148BA71875877800B8A62A /* AppDelegate.m in Sources */,
				BC148BCE18758CEE00B8A62A /* DiffbotService.m in Sources */,
				BC148BA31875877800B8A62A /* main.m in Sources */,
			);
			runOnlyForDeploymentPostprocessing = 0;
		};
		BC148BB01875877800B8A62A /* Sources */ = {
			isa = PBXSourcesBuildPhase;
			buildActionMask = 2147483647;
			files = (
				BC148BC21875877800B8A62A /* DiffBotDemoTests.m in Sources */,
			);
			runOnlyForDeploymentPostprocessing = 0;
		};
/* End PBXSourcesBuildPhase section */

/* Begin PBXTargetDependency section */
		BC148BBA1875877800B8A62A /* PBXTargetDependency */ = {
			isa = PBXTargetDependency;
			target = BC148B921875877800B8A62A /* DiffBotDemo */;
			targetProxy = BC148BB91875877800B8A62A /* PBXContainerItemProxy */;
		};
/* End PBXTargetDependency section */

/* Begin PBXVariantGroup section */
		BC148B9F1875877800B8A62A /* InfoPlist.strings */ = {
			isa = PBXVariantGroup;
			children = (
				BC148BA01875877800B8A62A /* en */,
			);
			name = InfoPlist.strings;
			sourceTree = "<group>";
		};
		BC148BA81875877800B8A62A /* Main.storyboard */ = {
			isa = PBXVariantGroup;
			children = (
				BC148BA91875877800B8A62A /* Base */,
			);
			name = Main.storyboard;
			sourceTree = "<group>";
		};
		BC148BBE1875877800B8A62A /* InfoPlist.strings */ = {
			isa = PBXVariantGroup;
			children = (
				BC148BBF1875877800B8A62A /* en */,
			);
			name = InfoPlist.strings;
			sourceTree = "<group>";
		};
/* End PBXVariantGroup section */

/* Begin XCBuildConfiguration section */
		BC148BC31875877800B8A62A /* Debug */ = {
			isa = XCBuildConfiguration;
			buildSettings = {
				ALWAYS_SEARCH_USER_PATHS = NO;
				ARCHS = "$(ARCHS_STANDARD_INCLUDING_64_BIT)";
				CLANG_CXX_LANGUAGE_STANDARD = "gnu++0x";
				CLANG_CXX_LIBRARY = "libc++";
				CLANG_ENABLE_MODULES = YES;
				CLANG_ENABLE_OBJC_ARC = YES;
				CLANG_WARN_BOOL_CONVERSION = YES;
				CLANG_WARN_CONSTANT_CONVERSION = YES;
				CLANG_WARN_DIRECT_OBJC_ISA_USAGE = YES_ERROR;
				CLANG_WARN_EMPTY_BODY = YES;
				CLANG_WARN_ENUM_CONVERSION = YES;
				CLANG_WARN_INT_CONVERSION = YES;
				CLANG_WARN_OBJC_ROOT_CLASS = YES_ERROR;
				CLANG_WARN__DUPLICATE_METHOD_MATCH = YES;
				"CODE_SIGN_IDENTITY[sdk=iphoneos*]" = "iPhone Developer";
				COPY_PHASE_STRIP = NO;
				GCC_C_LANGUAGE_STANDARD = gnu99;
				GCC_DYNAMIC_NO_PIC = NO;
				GCC_OPTIMIZATION_LEVEL = 0;
				GCC_PREPROCESSOR_DEFINITIONS = (
					"DEBUG=1",
					"$(inherited)",
				);
				GCC_SYMBOLS_PRIVATE_EXTERN = NO;
				GCC_WARN_64_TO_32_BIT_CONVERSION = YES;
				GCC_WARN_ABOUT_RETURN_TYPE = YES_ERROR;
				GCC_WARN_UNDECLARED_SELECTOR = YES;
				GCC_WARN_UNINITIALIZED_AUTOS = YES;
				GCC_WARN_UNUSED_FUNCTION = YES;
				GCC_WARN_UNUSED_VARIABLE = YES;
				IPHONEOS_DEPLOYMENT_TARGET = 7.0;
				ONLY_ACTIVE_ARCH = YES;
				SDKROOT = iphoneos;
			};
			name = Debug;
		};
		BC148BC41875877800B8A62A /* Release */ = {
			isa = XCBuildConfiguration;
			buildSettings = {
				ALWAYS_SEARCH_USER_PATHS = NO;
				ARCHS = "$(ARCHS_STANDARD_INCLUDING_64_BIT)";
				CLANG_CXX_LANGUAGE_STANDARD = "gnu++0x";
				CLANG_CXX_LIBRARY = "libc++";
				CLANG_ENABLE_MODULES = YES;
				CLANG_ENABLE_OBJC_ARC = YES;
				CLANG_WARN_BOOL_CONVERSION = YES;
				CLANG_WARN_CONSTANT_CONVERSION = YES;
				CLANG_WARN_DIRECT_OBJC_ISA_USAGE = YES_ERROR;
				CLANG_WARN_EMPTY_BODY = YES;
				CLANG_WARN_ENUM_CONVERSION = YES;
				CLANG_WARN_INT_CONVERSION = YES;
				CLANG_WARN_OBJC_ROOT_CLASS = YES_ERROR;
				CLANG_WARN__DUPLICATE_METHOD_MATCH = YES;
				"CODE_SIGN_IDENTITY[sdk=iphoneos*]" = "iPhone Developer";
				COPY_PHASE_STRIP = YES;
				ENABLE_NS_ASSERTIONS = NO;
				GCC_C_LANGUAGE_STANDARD = gnu99;
				GCC_WARN_64_TO_32_BIT_CONVERSION = YES;
				GCC_WARN_ABOUT_RETURN_TYPE = YES_ERROR;
				GCC_WARN_UNDECLARED_SELECTOR = YES;
				GCC_WARN_UNINITIALIZED_AUTOS = YES;
				GCC_WARN_UNUSED_FUNCTION = YES;
				GCC_WARN_UNUSED_VARIABLE = YES;
				IPHONEOS_DEPLOYMENT_TARGET = 7.0;
				SDKROOT = iphoneos;
				VALIDATE_PRODUCT = YES;
			};
			name = Release;
		};
		BC148BC61875877800B8A62A /* Debug */ = {
			isa = XCBuildConfiguration;
			buildSettings = {
				ASSETCATALOG_COMPILER_APPICON_NAME = AppIcon;
				ASSETCATALOG_COMPILER_LAUNCHIMAGE_NAME = LaunchImage;
				GCC_PRECOMPILE_PREFIX_HEADER = YES;
				GCC_PREFIX_HEADER = "DiffBotDemo/DiffBotDemo-Prefix.pch";
				INFOPLIST_FILE = "DiffBotDemo/DiffBotDemo-Info.plist";
				PRODUCT_NAME = "$(TARGET_NAME)";
				WRAPPER_EXTENSION = app;
			};
			name = Debug;
		};
		BC148BC71875877800B8A62A /* Release */ = {
			isa = XCBuildConfiguration;
			buildSettings = {
				ASSETCATALOG_COMPILER_APPICON_NAME = AppIcon;
				ASSETCATALOG_COMPILER_LAUNCHIMAGE_NAME = LaunchImage;
				GCC_PRECOMPILE_PREFIX_HEADER = YES;
				GCC_PREFIX_HEADER = "DiffBotDemo/DiffBotDemo-Prefix.pch";
				INFOPLIST_FILE = "DiffBotDemo/DiffBotDemo-Info.plist";
				PRODUCT_NAME = "$(TARGET_NAME)";
				WRAPPER_EXTENSION = app;
			};
			name = Release;
		};
		BC148BC91875877800B8A62A /* Debug */ = {
			isa = XCBuildConfiguration;
			buildSettings = {
				ARCHS = "$(ARCHS_STANDARD_INCLUDING_64_BIT)";
				BUNDLE_LOADER = "$(BUILT_PRODUCTS_DIR)/DiffBotDemo.app/DiffBotDemo";
				FRAMEWORK_SEARCH_PATHS = (
					"$(SDKROOT)/Developer/Library/Frameworks",
					"$(inherited)",
					"$(DEVELOPER_FRAMEWORKS_DIR)",
				);
				GCC_PRECOMPILE_PREFIX_HEADER = YES;
				GCC_PREFIX_HEADER = "DiffBotDemo/DiffBotDemo-Prefix.pch";
				GCC_PREPROCESSOR_DEFINITIONS = (
					"DEBUG=1",
					"$(inherited)",
				);
				INFOPLIST_FILE = "DiffBotDemoTests/DiffBotDemoTests-Info.plist";
				PRODUCT_NAME = "$(TARGET_NAME)";
				TEST_HOST = "$(BUNDLE_LOADER)";
				WRAPPER_EXTENSION = xctest;
			};
			name = Debug;
		};
		BC148BCA1875877800B8A62A /* Release */ = {
			isa = XCBuildConfiguration;
			buildSettings = {
				ARCHS = "$(ARCHS_STANDARD_INCLUDING_64_BIT)";
				BUNDLE_LOADER = "$(BUILT_PRODUCTS_DIR)/DiffBotDemo.app/DiffBotDemo";
				FRAMEWORK_SEARCH_PATHS = (
					"$(SDKROOT)/Developer/Library/Frameworks",
					"$(inherited)",
					"$(DEVELOPER_FRAMEWORKS_DIR)",
				);
				GCC_PRECOMPILE_PREFIX_HEADER = YES;
				GCC_PREFIX_HEADER = "DiffBotDemo/DiffBotDemo-Prefix.pch";
				INFOPLIST_FILE = "DiffBotDemoTests/DiffBotDemoTests-Info.plist";
				PRODUCT_NAME = "$(TARGET_NAME)";
				TEST_HOST = "$(BUNDLE_LOADER)";
				WRAPPER_EXTENSION = xctest;
			};
			name = Release;
		};
		BC148BD2187599AE00B8A62A /* Debug */ = {
			isa = XCBuildConfiguration;
			buildSettings = {
				PRODUCT_NAME = "$(TARGET_NAME)";
			};
			name = Debug;
		};
		BC148BD3187599AE00B8A62A /* Release */ = {
			isa = XCBuildConfiguration;
			buildSettings = {
				PRODUCT_NAME = "$(TARGET_NAME)";
			};
			name = Release;
		};
/* End XCBuildConfiguration section */

/* Begin XCConfigurationList section */
		BC148B8E1875877700B8A62A /* Build configuration list for PBXProject "DiffBotDemo" */ = {
			isa = XCConfigurationList;
			buildConfigurations = (
				BC148BC31875877800B8A62A /* Debug */,
				BC148BC41875877800B8A62A /* Release */,
			);
			defaultConfigurationIsVisible = 0;
			defaultConfigurationName = Release;
		};
		BC148BC51875877800B8A62A /* Build configuration list for PBXNativeTarget "DiffBotDemo" */ = {
			isa = XCConfigurationList;
			buildConfigurations = (
				BC148BC61875877800B8A62A /* Debug */,
				BC148BC71875877800B8A62A /* Release */,
			);
			defaultConfigurationIsVisible = 0;
		};
		BC148BC81875877800B8A62A /* Build configuration list for PBXNativeTarget "DiffBotDemoTests" */ = {
			isa = XCConfigurationList;
			buildConfigurations = (
				BC148BC91875877800B8A62A /* Debug */,
				BC148BCA1875877800B8A62A /* Release */,
			);
			defaultConfigurationIsVisible = 0;
		};
		BC148BD1187599AE00B8A62A /* Build configuration list for PBXAggregateTarget "Documentation" */ = {
			isa = XCConfigurationList;
			buildConfigurations = (
				BC148BD2187599AE00B8A62A /* Debug */,
				BC148BD3187599AE00B8A62A /* Release */,
			);
			defaultConfigurationIsVisible = 0;
		};
/* End XCConfigurationList section */
	};
	rootObject = BC148B8B1875877700B8A62A /* Project object */;
}
